
Microsoft Visual Studio Solution File, Format Version 11.00
# Visual Studio 2010
Project("{FAE04EC0-301F-11D3-BF4B-00C04F79EFBC}") = "RPO time attack", "Assembly-CSharp.csproj", "{EA164B32-B49E-426F-B350-FAE6FF5E06DC}"
EndProject
Project("{FAE04EC0-301F-11D3-BF4B-00C04F79EFBC}") = "RPO time attack", "Assembly-CSharp-Editor.csproj", "{A146DF74-E5B3-E4BE-C0C7-7C12C689DEDB}"
EndProject
Global
	GlobalSection(SolutionConfigurationPlatforms) = preSolution
		Debug|Any CPU = Debug|Any CPU
		Release|Any CPU = Release|Any CPU
	EndGlobalSection
	GlobalSection(ProjectConfigurationPlatforms) = postSolution
		{EA164B32-B49E-426F-B350-FAE6FF5E06DC}.Debug|Any CPU.ActiveCfg = Debug|Any CPU
		{EA164B32-B49E-426F-B350-FAE6FF5E06DC}.Debug|Any CPU.Build.0 = Debug|Any CPU
		{EA164B32-B49E-426F-B350-FAE6FF5E06DC}.Release|Any CPU.ActiveCfg = Release|Any CPU
		{EA164B32-B49E-426F-B350-FAE6FF5E06DC}.Release|Any CPU.Build.0 = Release|Any CPU
		{A146DF74-E5B3-E4BE-C0C7-7C12C689DEDB}.Debug|Any CPU.ActiveCfg = Debug|Any CPU
		{A146DF74-E5B3-E4BE-C0C7-7C12C689DEDB}.Debug|Any CPU.Build.0 = Debug|Any CPU
		{A146DF74-E5B3-E4BE-C0C7-7C12C689DEDB}.Release|Any CPU.ActiveCfg = Release|Any CPU
		{A146DF74-E5B3-E4BE-C0C7-7C12C689DEDB}.Release|Any CPU.Build.0 = Release|Any CPU
	EndGlobalSection
	GlobalSection(SolutionProperties) = preSolution
		HideSolutionNode = FALSE
	EndGlobalSection
	GlobalSection(MonoDevelopProperties) = preSolution
		StartupItem = Assembly-CSharp.csproj
	EndGlobalSection
EndGlobal
